
Microsoft Visual Studio Solution File, Format Version 12.00
# Visual Studio Version 17
VisualStudioVersion = 17.0.32112.339
MinimumVisualStudioVersion = 10.0.40219.1
Project("{FAE04EC0-301F-11D3-BF4B-00C04F79EFBC}") = "ConsoleApp1", "ConsoleApp1\ConsoleApp1.csproj", "{000539F6-1570-4D24-9565-D6AC2800F330}"
EndProject
Global
	GlobalSection(SolutionConfigurationPlatforms) = preSolution
		Debug|Any CPU = Debug|Any CPU
		Release|Any CPU = Release|Any CPU
	EndGlobalSection
	GlobalSection(ProjectConfigurationPlatforms) = postSolution
		{000539F6-1570-4D24-9565-D6AC2800F330}.Debug|Any CPU.ActiveCfg = Debug|Any CPU
		{000539F6-1570-4D24-9565-D6AC2800F330}.Debug|Any CPU.Build.0 = Debug|Any CPU
		{000539F6-1570-4D24-9565-D6AC2800F330}.Release|Any CPU.ActiveCfg = Release|Any CPU
		{000539F6-1570-4D24-9565-D6AC2800F330}.Release|Any CPU.Build.0 = Release|Any CPU
	EndGlobalSection
	GlobalSection(SolutionProperties) = preSolution
		HideSolutionNode = FALSE
	EndGlobalSection
	GlobalSection(ExtensibilityGlobals) = postSolution
		SolutionGuid = {5A12DB55-B7F0-4682-AACD-C21E75616AE3}
	EndGlobalSection
EndGlobal
